// !$*UTF8*$!
{
	archiveVersion = 1;
	classes = {
	};
	objectVersion = 56;
	objects = {

/* Begin PBXBuildFile section */
		0B97BAE42B72C447002ABE27 /* AppDelegate.swift in Sources */ = {isa = PBXBuildFile; fileRef = 0B97BAE32B72C447002ABE27 /* AppDelegate.swift */; };
		0B97BAE62B72C447002ABE27 /* SceneDelegate.swift in Sources */ = {isa = PBXBuildFile; fileRef = 0B97BAE52B72C447002ABE27 /* SceneDelegate.swift */; };
		0B97BAEB2B72C447002ABE27 /* Main.storyboard in Resources */ = {isa = PBXBuildFile; fileRef = 0B97BAE92B72C447002ABE27 /* Main.storyboard */; };
		0B97BAED2B72C449002ABE27 /* Assets.xcassets in Resources */ = {isa = PBXBuildFile; fileRef = 0B97BAEC2B72C449002ABE27 /* Assets.xcassets */; };
		0B97BAF02B72C449002ABE27 /* LaunchScreen.storyboard in Resources */ = {isa = PBXBuildFile; fileRef = 0B97BAEE2B72C449002ABE27 /* LaunchScreen.storyboard */; };
		0B97BAFB2B72C449002ABE27 /* PlaygroundTests.swift in Sources */ = {isa = PBXBuildFile; fileRef = 0B97BAFA2B72C449002ABE27 /* PlaygroundTests.swift */; };
		0B97BB052B72C449002ABE27 /* PlaygroundUITests.swift in Sources */ = {isa = PBXBuildFile; fileRef = 0B97BB042B72C449002ABE27 /* PlaygroundUITests.swift */; };
		0B97BB072B72C449002ABE27 /* PlaygroundUITestsLaunchTests.swift in Sources */ = {isa = PBXBuildFile; fileRef = 0B97BB062B72C449002ABE27 /* PlaygroundUITestsLaunchTests.swift */; };
		0B97BB142B72C599002ABE27 /* GoogleService-Info.plist in Resources */ = {isa = PBXBuildFile; fileRef = 0B97BB132B72C598002ABE27 /* GoogleService-Info.plist */; };
		0B97BB152B72C599002ABE27 /* GoogleService-Info.plist in Resources */ = {isa = PBXBuildFile; fileRef = 0B97BB132B72C598002ABE27 /* GoogleService-Info.plist */; };
		0B97BB162B72C599002ABE27 /* GoogleService-Info.plist in Resources */ = {isa = PBXBuildFile; fileRef = 0B97BB132B72C598002ABE27 /* GoogleService-Info.plist */; };
		0B97BB212B72CDA8002ABE27 /* Run.swift in Sources */ = {isa = PBXBuildFile; fileRef = 0B97BB202B72CDA8002ABE27 /* Run.swift */; };
		0B97BB222B72CDA8002ABE27 /* Run.swift in Sources */ = {isa = PBXBuildFile; fileRef = 0B97BB202B72CDA8002ABE27 /* Run.swift */; };
		0B97BB232B72CDA8002ABE27 /* Run.swift in Sources */ = {isa = PBXBuildFile; fileRef = 0B97BB202B72CDA8002ABE27 /* Run.swift */; };
		0B97BB252B72CDC4002ABE27 /* Checkpoint.swift in Sources */ = {isa = PBXBuildFile; fileRef = 0B97BB242B72CDC4002ABE27 /* Checkpoint.swift */; };
		0B97BB262B72CDC4002ABE27 /* Checkpoint.swift in Sources */ = {isa = PBXBuildFile; fileRef = 0B97BB242B72CDC4002ABE27 /* Checkpoint.swift */; };
		0B97BB272B72CDC4002ABE27 /* Checkpoint.swift in Sources */ = {isa = PBXBuildFile; fileRef = 0B97BB242B72CDC4002ABE27 /* Checkpoint.swift */; };
		0B97BB292B72D244002ABE27 /* LocationManager.swift in Sources */ = {isa = PBXBuildFile; fileRef = 0B97BB282B72D244002ABE27 /* LocationManager.swift */; };
		0B97BB2A2B72D244002ABE27 /* LocationManager.swift in Sources */ = {isa = PBXBuildFile; fileRef = 0B97BB282B72D244002ABE27 /* LocationManager.swift */; };
		0B97BB2B2B72D244002ABE27 /* LocationManager.swift in Sources */ = {isa = PBXBuildFile; fileRef = 0B97BB282B72D244002ABE27 /* LocationManager.swift */; };
		0B97BB2D2B72EAFF002ABE27 /* AudioService.swift in Sources */ = {isa = PBXBuildFile; fileRef = 0B97BB2C2B72EAFF002ABE27 /* AudioService.swift */; };
		0B97BB2E2B72EAFF002ABE27 /* AudioService.swift in Sources */ = {isa = PBXBuildFile; fileRef = 0B97BB2C2B72EAFF002ABE27 /* AudioService.swift */; };
		0B97BB2F2B72EAFF002ABE27 /* AudioService.swift in Sources */ = {isa = PBXBuildFile; fileRef = 0B97BB2C2B72EAFF002ABE27 /* AudioService.swift */; };
		0B97BB352B72FC80002ABE27 /* RunListViewController.swift in Sources */ = {isa = PBXBuildFile; fileRef = 0B97BB342B72FC80002ABE27 /* RunListViewController.swift */; };
		0B97BB362B72FC80002ABE27 /* RunListViewController.swift in Sources */ = {isa = PBXBuildFile; fileRef = 0B97BB342B72FC80002ABE27 /* RunListViewController.swift */; };
		0B97BB372B72FC80002ABE27 /* RunListViewController.swift in Sources */ = {isa = PBXBuildFile; fileRef = 0B97BB342B72FC80002ABE27 /* RunListViewController.swift */; };
		0B97BB392B72FC9F002ABE27 /* RunDetailViewController.swift in Sources */ = {isa = PBXBuildFile; fileRef = 0B97BB382B72FC9F002ABE27 /* RunDetailViewController.swift */; };
		0B97BB3A2B72FC9F002ABE27 /* RunDetailViewController.swift in Sources */ = {isa = PBXBuildFile; fileRef = 0B97BB382B72FC9F002ABE27 /* RunDetailViewController.swift */; };
		0B97BB3B2B72FC9F002ABE27 /* RunDetailViewController.swift in Sources */ = {isa = PBXBuildFile; fileRef = 0B97BB382B72FC9F002ABE27 /* RunDetailViewController.swift */; };
		0B97BB3E2B7312AF002ABE27 /* FirebaseAnalytics in Frameworks */ = {isa = PBXBuildFile; productRef = 0B97BB3D2B7312AF002ABE27 /* FirebaseAnalytics */; };
		0B97BB402B7312AF002ABE27 /* FirebaseAuth in Frameworks */ = {isa = PBXBuildFile; productRef = 0B97BB3F2B7312AF002ABE27 /* FirebaseAuth */; };
		0B97BB422B7312AF002ABE27 /* FirebaseFirestore in Frameworks */ = {isa = PBXBuildFile; productRef = 0B97BB412B7312AF002ABE27 /* FirebaseFirestore */; };
		0B97BB442B7312B0002ABE27 /* FirebaseFirestoreSwift in Frameworks */ = {isa = PBXBuildFile; productRef = 0B97BB432B7312B0002ABE27 /* FirebaseFirestoreSwift */; };
		0B97BB462B7312B0002ABE27 /* FirebaseStorage in Frameworks */ = {isa = PBXBuildFile; productRef = 0B97BB452B7312B0002ABE27 /* FirebaseStorage */; };
/* End PBXBuildFile section */

/* Begin PBXContainerItemProxy section */
		0B97BAF72B72C449002ABE27 /* PBXContainerItemProxy */ = {
			isa = PBXContainerItemProxy;
			containerPortal = 0B97BAD82B72C447002ABE27 /* Project object */;
			proxyType = 1;
			remoteGlobalIDString = 0B97BADF2B72C447002ABE27;
			remoteInfo = Playground;
		};
		0B97BB012B72C449002ABE27 /* PBXContainerItemProxy */ = {
			isa = PBXContainerItemProxy;
			containerPortal = 0B97BAD82B72C447002ABE27 /* Project object */;
			proxyType = 1;
			remoteGlobalIDString = 0B97BADF2B72C447002ABE27;
			remoteInfo = Playground;
		};
/* End PBXContainerItemProxy section */

/* Begin PBXFileReference section */
		0B97BAE02B72C447002ABE27 /* Playground.app */ = {isa = PBXFileReference; explicitFileType = wrapper.application; includeInIndex = 0; path = Playground.app; sourceTree = BUILT_PRODUCTS_DIR; };
		0B97BAE32B72C447002ABE27 /* AppDelegate.swift */ = {isa = PBXFileReference; lastKnownFileType = sourcecode.swift; path = AppDelegate.swift; sourceTree = "<group>"; };
		0B97BAE52B72C447002ABE27 /* SceneDelegate.swift */ = {isa = PBXFileReference; lastKnownFileType = sourcecode.swift; path = SceneDelegate.swift; sourceTree = "<group>"; };
		0B97BAEA2B72C447002ABE27 /* Base */ = {isa = PBXFileReference; lastKnownFileType = file.storyboard; name = Base; path = Base.lproj/Main.storyboard; sourceTree = "<group>"; };
		0B97BAEC2B72C449002ABE27 /* Assets.xcassets */ = {isa = PBXFileReference; lastKnownFileType = folder.assetcatalog; path = Assets.xcassets; sourceTree = "<group>"; };
		0B97BAEF2B72C449002ABE27 /* Base */ = {isa = PBXFileReference; lastKnownFileType = file.storyboard; name = Base; path = Base.lproj/LaunchScreen.storyboard; sourceTree = "<group>"; };
		0B97BAF12B72C449002ABE27 /* Info.plist */ = {isa = PBXFileReference; lastKnownFileType = text.plist.xml; path = Info.plist; sourceTree = "<group>"; };
		0B97BAF62B72C449002ABE27 /* PlaygroundTests.xctest */ = {isa = PBXFileReference; explicitFileType = wrapper.cfbundle; includeInIndex = 0; path = PlaygroundTests.xctest; sourceTree = BUILT_PRODUCTS_DIR; };
		0B97BAFA2B72C449002ABE27 /* PlaygroundTests.swift */ = {isa = PBXFileReference; lastKnownFileType = sourcecode.swift; path = PlaygroundTests.swift; sourceTree = "<group>"; };
		0B97BB002B72C449002ABE27 /* PlaygroundUITests.xctest */ = {isa = PBXFileReference; explicitFileType = wrapper.cfbundle; includeInIndex = 0; path = PlaygroundUITests.xctest; sourceTree = BUILT_PRODUCTS_DIR; };
		0B97BB042B72C449002ABE27 /* PlaygroundUITests.swift */ = {isa = PBXFileReference; lastKnownFileType = sourcecode.swift; path = PlaygroundUITests.swift; sourceTree = "<group>"; };
		0B97BB062B72C449002ABE27 /* PlaygroundUITestsLaunchTests.swift */ = {isa = PBXFileReference; lastKnownFileType = sourcecode.swift; path = PlaygroundUITestsLaunchTests.swift; sourceTree = "<group>"; };
		0B97BB132B72C598002ABE27 /* GoogleService-Info.plist */ = {isa = PBXFileReference; fileEncoding = 4; lastKnownFileType = text.plist.xml; path = "GoogleService-Info.plist"; sourceTree = "<group>"; };
		0B97BB202B72CDA8002ABE27 /* Run.swift */ = {isa = PBXFileReference; lastKnownFileType = sourcecode.swift; path = Run.swift; sourceTree = "<group>"; };
		0B97BB242B72CDC4002ABE27 /* Checkpoint.swift */ = {isa = PBXFileReference; lastKnownFileType = sourcecode.swift; path = Checkpoint.swift; sourceTree = "<group>"; };
		0B97BB282B72D244002ABE27 /* LocationManager.swift */ = {isa = PBXFileReference; lastKnownFileType = sourcecode.swift; path = LocationManager.swift; sourceTree = "<group>"; };
		0B97BB2C2B72EAFF002ABE27 /* AudioService.swift */ = {isa = PBXFileReference; lastKnownFileType = sourcecode.swift; path = AudioService.swift; sourceTree = "<group>"; };
		0B97BB342B72FC80002ABE27 /* RunListViewController.swift */ = {isa = PBXFileReference; lastKnownFileType = sourcecode.swift; path = RunListViewController.swift; sourceTree = "<group>"; };
		0B97BB382B72FC9F002ABE27 /* RunDetailViewController.swift */ = {isa = PBXFileReference; lastKnownFileType = sourcecode.swift; path = RunDetailViewController.swift; sourceTree = "<group>"; };
/* End PBXFileReference section */

/* Begin PBXFrameworksBuildPhase section */
		0B97BADD2B72C447002ABE27 /* Frameworks */ = {
			isa = PBXFrameworksBuildPhase;
			buildActionMask = 2147483647;
			files = (
				0B97BB3E2B7312AF002ABE27 /* FirebaseAnalytics in Frameworks */,
				0B97BB402B7312AF002ABE27 /* FirebaseAuth in Frameworks */,
				0B97BB422B7312AF002ABE27 /* FirebaseFirestore in Frameworks */,
				0B97BB462B7312B0002ABE27 /* FirebaseStorage in Frameworks */,
				0B97BB442B7312B0002ABE27 /* FirebaseFirestoreSwift in Frameworks */,
			);
			runOnlyForDeploymentPostprocessing = 0;
		};
		0B97BAF32B72C449002ABE27 /* Frameworks */ = {
			isa = PBXFrameworksBuildPhase;
			buildActionMask = 2147483647;
			files = (
			);
			runOnlyForDeploymentPostprocessing = 0;
		};
		0B97BAFD2B72C449002ABE27 /* Frameworks */ = {
			isa = PBXFrameworksBuildPhase;
			buildActionMask = 2147483647;
			files = (
			);
			runOnlyForDeploymentPostprocessing = 0;
		};
/* End PBXFrameworksBuildPhase section */

/* Begin PBXGroup section */
		0B97BAD72B72C447002ABE27 = {
			isa = PBXGroup;
			children = (
				0B97BAE22B72C447002ABE27 /* Playground */,
				0B97BAF92B72C449002ABE27 /* PlaygroundTests */,
				0B97BB032B72C449002ABE27 /* PlaygroundUITests */,
				0B97BAE12B72C447002ABE27 /* Products */,
			);
			sourceTree = "<group>";
		};
		0B97BAE12B72C447002ABE27 /* Products */ = {
			isa = PBXGroup;
			children = (
				0B97BAE02B72C447002ABE27 /* Playground.app */,
				0B97BAF62B72C449002ABE27 /* PlaygroundTests.xctest */,
				0B97BB002B72C449002ABE27 /* PlaygroundUITests.xctest */,
			);
			name = Products;
			sourceTree = "<group>";
		};
		0B97BAE22B72C447002ABE27 /* Playground */ = {
			isa = PBXGroup;
			children = (
				0B97BAE32B72C447002ABE27 /* AppDelegate.swift */,
				0B97BAE52B72C447002ABE27 /* SceneDelegate.swift */,
				0B97BAE92B72C447002ABE27 /* Main.storyboard */,
				0B97BAEC2B72C449002ABE27 /* Assets.xcassets */,
				0B97BAEE2B72C449002ABE27 /* LaunchScreen.storyboard */,
				0B97BAF12B72C449002ABE27 /* Info.plist */,
				0B97BB132B72C598002ABE27 /* GoogleService-Info.plist */,
				0B97BB202B72CDA8002ABE27 /* Run.swift */,
				0B97BB242B72CDC4002ABE27 /* Checkpoint.swift */,
				0B97BB282B72D244002ABE27 /* LocationManager.swift */,
				0B97BB2C2B72EAFF002ABE27 /* AudioService.swift */,
				0B97BB342B72FC80002ABE27 /* RunListViewController.swift */,
				0B97BB382B72FC9F002ABE27 /* RunDetailViewController.swift */,
			);
			path = Playground;
			sourceTree = "<group>";
		};
		0B97BAF92B72C449002ABE27 /* PlaygroundTests */ = {
			isa = PBXGroup;
			children = (
				0B97BAFA2B72C449002ABE27 /* PlaygroundTests.swift */,
			);
			path = PlaygroundTests;
			sourceTree = "<group>";
		};
		0B97BB032B72C449002ABE27 /* PlaygroundUITests */ = {
			isa = PBXGroup;
			children = (
				0B97BB042B72C449002ABE27 /* PlaygroundUITests.swift */,
				0B97BB062B72C449002ABE27 /* PlaygroundUITestsLaunchTests.swift */,
			);
			path = PlaygroundUITests;
			sourceTree = "<group>";
		};
/* End PBXGroup section */

/* Begin PBXNativeTarget section */
		0B97BADF2B72C447002ABE27 /* Playground */ = {
			isa = PBXNativeTarget;
			buildConfigurationList = 0B97BB0A2B72C449002ABE27 /* Build configuration list for PBXNativeTarget "Playground" */;
			buildPhases = (
				0B97BADC2B72C447002ABE27 /* Sources */,
				0B97BADD2B72C447002ABE27 /* Frameworks */,
				0B97BADE2B72C447002ABE27 /* Resources */,
			);
			buildRules = (
			);
			dependencies = (
			);
			name = Playground;
			packageProductDependencies = (
				0B97BB3D2B7312AF002ABE27 /* FirebaseAnalytics */,
				0B97BB3F2B7312AF002ABE27 /* FirebaseAuth */,
				0B97BB412B7312AF002ABE27 /* FirebaseFirestore */,
				0B97BB432B7312B0002ABE27 /* FirebaseFirestoreSwift */,
				0B97BB452B7312B0002ABE27 /* FirebaseStorage */,
			);
			productName = Playground;
			productReference = 0B97BAE02B72C447002ABE27 /* Playground.app */;
			productType = "com.apple.product-type.application";
		};
		0B97BAF52B72C449002ABE27 /* PlaygroundTests */ = {
			isa = PBXNativeTarget;
			buildConfigurationList = 0B97BB0D2B72C449002ABE27 /* Build configuration list for PBXNativeTarget "PlaygroundTests" */;
			buildPhases = (
				0B97BAF22B72C449002ABE27 /* Sources */,
				0B97BAF32B72C449002ABE27 /* Frameworks */,
				0B97BAF42B72C449002ABE27 /* Resources */,
			);
			buildRules = (
			);
			dependencies = (
				0B97BAF82B72C449002ABE27 /* PBXTargetDependency */,
			);
			name = PlaygroundTests;
			productName = PlaygroundTests;
			productReference = 0B97BAF62B72C449002ABE27 /* PlaygroundTests.xctest */;
			productType = "com.apple.product-type.bundle.unit-test";
		};
		0B97BAFF2B72C449002ABE27 /* PlaygroundUITests */ = {
			isa = PBXNativeTarget;
			buildConfigurationList = 0B97BB102B72C449002ABE27 /* Build configuration list for PBXNativeTarget "PlaygroundUITests" */;
			buildPhases = (
				0B97BAFC2B72C449002ABE27 /* Sources */,
				0B97BAFD2B72C449002ABE27 /* Frameworks */,
				0B97BAFE2B72C449002ABE27 /* Resources */,
			);
			buildRules = (
			);
			dependencies = (
				0B97BB022B72C449002ABE27 /* PBXTargetDependency */,
			);
			name = PlaygroundUITests;
			productName = PlaygroundUITests;
			productReference = 0B97BB002B72C449002ABE27 /* PlaygroundUITests.xctest */;
			productType = "com.apple.product-type.bundle.ui-testing";
		};
/* End PBXNativeTarget section */

/* Begin PBXProject section */
		0B97BAD82B72C447002ABE27 /* Project object */ = {
			isa = PBXProject;
			attributes = {
				BuildIndependentTargetsInParallel = 1;
				LastSwiftUpdateCheck = 1430;
				LastUpgradeCheck = 1430;
				TargetAttributes = {
					0B97BADF2B72C447002ABE27 = {
						CreatedOnToolsVersion = 14.3.1;
					};
					0B97BAF52B72C449002ABE27 = {
						CreatedOnToolsVersion = 14.3.1;
						TestTargetID = 0B97BADF2B72C447002ABE27;
					};
					0B97BAFF2B72C449002ABE27 = {
						CreatedOnToolsVersion = 14.3.1;
						TestTargetID = 0B97BADF2B72C447002ABE27;
					};
				};
			};
			buildConfigurationList = 0B97BADB2B72C447002ABE27 /* Build configuration list for PBXProject "Playground" */;
			compatibilityVersion = "Xcode 14.0";
			developmentRegion = en;
			hasScannedForEncodings = 0;
			knownRegions = (
				en,
				Base,
			);
			mainGroup = 0B97BAD72B72C447002ABE27;
			packageReferences = (
				0B97BB3C2B7312AF002ABE27 /* XCRemoteSwiftPackageReference "firebase-ios-sdk" */,
			);
			productRefGroup = 0B97BAE12B72C447002ABE27 /* Products */;
			projectDirPath = "";
			projectRoot = "";
			targets = (
				0B97BADF2B72C447002ABE27 /* Playground */,
				0B97BAF52B72C449002ABE27 /* PlaygroundTests */,
				0B97BAFF2B72C449002ABE27 /* PlaygroundUITests */,
			);
		};
/* End PBXProject section */

/* Begin PBXResourcesBuildPhase section */
		0B97BADE2B72C447002ABE27 /* Resources */ = {
			isa = PBXResourcesBuildPhase;
			buildActionMask = 2147483647;
			files = (
				0B97BAF02B72C449002ABE27 /* LaunchScreen.storyboard in Resources */,
				0B97BB142B72C599002ABE27 /* GoogleService-Info.plist in Resources */,
				0B97BAED2B72C449002ABE27 /* Assets.xcassets in Resources */,
				0B97BAEB2B72C447002ABE27 /* Main.storyboard in Resources */,
			);
			runOnlyForDeploymentPostprocessing = 0;
		};
		0B97BAF42B72C449002ABE27 /* Resources */ = {
			isa = PBXResourcesBuildPhase;
			buildActionMask = 2147483647;
			files = (
				0B97BB152B72C599002ABE27 /* GoogleService-Info.plist in Resources */,
			);
			runOnlyForDeploymentPostprocessing = 0;
		};
		0B97BAFE2B72C449002ABE27 /* Resources */ = {
			isa = PBXResourcesBuildPhase;
			buildActionMask = 2147483647;
			files = (
				0B97BB162B72C599002ABE27 /* GoogleService-Info.plist in Resources */,
			);
			runOnlyForDeploymentPostprocessing = 0;
		};
/* End PBXResourcesBuildPhase section */

/* Begin PBXSourcesBuildPhase section */
		0B97BADC2B72C447002ABE27 /* Sources */ = {
			isa = PBXSourcesBuildPhase;
			buildActionMask = 2147483647;
			files = (
				0B97BB392B72FC9F002ABE27 /* RunDetailViewController.swift in Sources */,
				0B97BB252B72CDC4002ABE27 /* Checkpoint.swift in Sources */,
				0B97BB292B72D244002ABE27 /* LocationManager.swift in Sources */,
				0B97BB212B72CDA8002ABE27 /* Run.swift in Sources */,
				0B97BAE42B72C447002ABE27 /* AppDelegate.swift in Sources */,
				0B97BB2D2B72EAFF002ABE27 /* AudioService.swift in Sources */,
				0B97BB352B72FC80002ABE27 /* RunListViewController.swift in Sources */,
				0B97BAE62B72C447002ABE27 /* SceneDelegate.swift in Sources */,
			);
			runOnlyForDeploymentPostprocessing = 0;
		};
		0B97BAF22B72C449002ABE27 /* Sources */ = {
			isa = PBXSourcesBuildPhase;
			buildActionMask = 2147483647;
			files = (
				0B97BB362B72FC80002ABE27 /* RunListViewController.swift in Sources */,
				0B97BB3A2B72FC9F002ABE27 /* RunDetailViewController.swift in Sources */,
				0B97BB2E2B72EAFF002ABE27 /* AudioService.swift in Sources */,
				0B97BB2A2B72D244002ABE27 /* LocationManager.swift in Sources */,
				0B97BAFB2B72C449002ABE27 /* PlaygroundTests.swift in Sources */,
				0B97BB222B72CDA8002ABE27 /* Run.swift in Sources */,
				0B97BB262B72CDC4002ABE27 /* Checkpoint.swift in Sources */,
			);
			runOnlyForDeploymentPostprocessing = 0;
		};
		0B97BAFC2B72C449002ABE27 /* Sources */ = {
			isa = PBXSourcesBuildPhase;
			buildActionMask = 2147483647;
			files = (
				0B97BB052B72C449002ABE27 /* PlaygroundUITests.swift in Sources */,
				0B97BB232B72CDA8002ABE27 /* Run.swift in Sources */,
				0B97BB2F2B72EAFF002ABE27 /* AudioService.swift in Sources */,
				0B97BB2B2B72D244002ABE27 /* LocationManager.swift in Sources */,
				0B97BB072B72C449002ABE27 /* PlaygroundUITestsLaunchTests.swift in Sources */,
				0B97BB272B72CDC4002ABE27 /* Checkpoint.swift in Sources */,
				0B97BB372B72FC80002ABE27 /* RunListViewController.swift in Sources */,
				0B97BB3B2B72FC9F002ABE27 /* RunDetailViewController.swift in Sources */,
			);
			runOnlyForDeploymentPostprocessing = 0;
		};
/* End PBXSourcesBuildPhase section */

/* Begin PBXTargetDependency section */
		0B97BAF82B72C449002ABE27 /* PBXTargetDependency */ = {
			isa = PBXTargetDependency;
			target = 0B97BADF2B72C447002ABE27 /* Playground */;
			targetProxy = 0B97BAF72B72C449002ABE27 /* PBXContainerItemProxy */;
		};
		0B97BB022B72C449002ABE27 /* PBXTargetDependency */ = {
			isa = PBXTargetDependency;
			target = 0B97BADF2B72C447002ABE27 /* Playground */;
			targetProxy = 0B97BB012B72C449002ABE27 /* PBXContainerItemProxy */;
		};
/* End PBXTargetDependency section */

/* Begin PBXVariantGroup section */
		0B97BAE92B72C447002ABE27 /* Main.storyboard */ = {
			isa = PBXVariantGroup;
			children = (
				0B97BAEA2B72C447002ABE27 /* Base */,
			);
			name = Main.storyboard;
			sourceTree = "<group>";
		};
		0B97BAEE2B72C449002ABE27 /* LaunchScreen.storyboard */ = {
			isa = PBXVariantGroup;
			children = (
				0B97BAEF2B72C449002ABE27 /* Base */,
			);
			name = LaunchScreen.storyboard;
			sourceTree = "<group>";
		};
/* End PBXVariantGroup section */

/* Begin XCBuildConfiguration section */
		0B97BB082B72C449002ABE27 /* Debug */ = {
			isa = XCBuildConfiguration;
			buildSettings = {
				ALWAYS_SEARCH_USER_PATHS = NO;
				CLANG_ANALYZER_NONNULL = YES;
				CLANG_ANALYZER_NUMBER_OBJECT_CONVERSION = YES_AGGRESSIVE;
				CLANG_CXX_LANGUAGE_STANDARD = "gnu++20";
				CLANG_ENABLE_MODULES = YES;
				CLANG_ENABLE_OBJC_ARC = YES;
				CLANG_ENABLE_OBJC_WEAK = YES;
				CLANG_WARN_BLOCK_CAPTURE_AUTORELEASING = YES;
				CLANG_WARN_BOOL_CONVERSION = YES;
				CLANG_WARN_COMMA = YES;
				CLANG_WARN_CONSTANT_CONVERSION = YES;
				CLANG_WARN_DEPRECATED_OBJC_IMPLEMENTATIONS = YES;
				CLANG_WARN_DIRECT_OBJC_ISA_USAGE = YES_ERROR;
				CLANG_WARN_DOCUMENTATION_COMMENTS = YES;
				CLANG_WARN_EMPTY_BODY = YES;
				CLANG_WARN_ENUM_CONVERSION = YES;
				CLANG_WARN_INFINITE_RECURSION = YES;
				CLANG_WARN_INT_CONVERSION = YES;
				CLANG_WARN_NON_LITERAL_NULL_CONVERSION = YES;
				CLANG_WARN_OBJC_IMPLICIT_RETAIN_SELF = YES;
				CLANG_WARN_OBJC_LITERAL_CONVERSION = YES;
				CLANG_WARN_OBJC_ROOT_CLASS = YES_ERROR;
				CLANG_WARN_QUOTED_INCLUDE_IN_FRAMEWORK_HEADER = YES;
				CLANG_WARN_RANGE_LOOP_ANALYSIS = YES;
				CLANG_WARN_STRICT_PROTOTYPES = YES;
				CLANG_WARN_SUSPICIOUS_MOVE = YES;
				CLANG_WARN_UNGUARDED_AVAILABILITY = YES_AGGRESSIVE;
				CLANG_WARN_UNREACHABLE_CODE = YES;
				CLANG_WARN__DUPLICATE_METHOD_MATCH = YES;
				COPY_PHASE_STRIP = NO;
				DEBUG_INFORMATION_FORMAT = dwarf;
				ENABLE_STRICT_OBJC_MSGSEND = YES;
				ENABLE_TESTABILITY = YES;
				GCC_C_LANGUAGE_STANDARD = gnu11;
				GCC_DYNAMIC_NO_PIC = NO;
				GCC_NO_COMMON_BLOCKS = YES;
				GCC_OPTIMIZATION_LEVEL = 0;
				GCC_PREPROCESSOR_DEFINITIONS = (
					"DEBUG=1",
					"$(inherited)",
				);
				GCC_WARN_64_TO_32_BIT_CONVERSION = YES;
				GCC_WARN_ABOUT_RETURN_TYPE = YES_ERROR;
				GCC_WARN_UNDECLARED_SELECTOR = YES;
				GCC_WARN_UNINITIALIZED_AUTOS = YES_AGGRESSIVE;
				GCC_WARN_UNUSED_FUNCTION = YES;
				GCC_WARN_UNUSED_VARIABLE = YES;
				IPHONEOS_DEPLOYMENT_TARGET = 16.4;
				MTL_ENABLE_DEBUG_INFO = INCLUDE_SOURCE;
				MTL_FAST_MATH = YES;
				ONLY_ACTIVE_ARCH = YES;
				SDKROOT = iphoneos;
				SWIFT_ACTIVE_COMPILATION_CONDITIONS = DEBUG;
				SWIFT_OPTIMIZATION_LEVEL = "-Onone";
			};
			name = Debug;
		};
		0B97BB092B72C449002ABE27 /* Release */ = {
			isa = XCBuildConfiguration;
			buildSettings = {
				ALWAYS_SEARCH_USER_PATHS = NO;
				CLANG_ANALYZER_NONNULL = YES;
				CLANG_ANALYZER_NUMBER_OBJECT_CONVERSION = YES_AGGRESSIVE;
				CLANG_CXX_LANGUAGE_STANDARD = "gnu++20";
				CLANG_ENABLE_MODULES = YES;
				CLANG_ENABLE_OBJC_ARC = YES;
				CLANG_ENABLE_OBJC_WEAK = YES;
				CLANG_WARN_BLOCK_CAPTURE_AUTORELEASING = YES;
				CLANG_WARN_BOOL_CONVERSION = YES;
				CLANG_WARN_COMMA = YES;
				CLANG_WARN_CONSTANT_CONVERSION = YES;
				CLANG_WARN_DEPRECATED_OBJC_IMPLEMENTATIONS = YES;
				CLANG_WARN_DIRECT_OBJC_ISA_USAGE = YES_ERROR;
				CLANG_WARN_DOCUMENTATION_COMMENTS = YES;
				CLANG_WARN_EMPTY_BODY = YES;
				CLANG_WARN_ENUM_CONVERSION = YES;
				CLANG_WARN_INFINITE_RECURSION = YES;
				CLANG_WARN_INT_CONVERSION = YES;
				CLANG_WARN_NON_LITERAL_NULL_CONVERSION = YES;
				CLANG_WARN_OBJC_IMPLICIT_RETAIN_SELF = YES;
				CLANG_WARN_OBJC_LITERAL_CONVERSION = YES;
				CLANG_WARN_OBJC_ROOT_CLASS = YES_ERROR;
				CLANG_WARN_QUOTED_INCLUDE_IN_FRAMEWORK_HEADER = YES;
				CLANG_WARN_RANGE_LOOP_ANALYSIS = YES;
				CLANG_WARN_STRICT_PROTOTYPES = YES;
				CLANG_WARN_SUSPICIOUS_MOVE = YES;
				CLANG_WARN_UNGUARDED_AVAILABILITY = YES_AGGRESSIVE;
				CLANG_WARN_UNREACHABLE_CODE = YES;
				CLANG_WARN__DUPLICATE_METHOD_MATCH = YES;
				COPY_PHASE_STRIP = NO;
				DEBUG_INFORMATION_FORMAT = "dwarf-with-dsym";
				ENABLE_NS_ASSERTIONS = NO;
				ENABLE_STRICT_OBJC_MSGSEND = YES;
				GCC_C_LANGUAGE_STANDARD = gnu11;
				GCC_NO_COMMON_BLOCKS = YES;
				GCC_WARN_64_TO_32_BIT_CONVERSION = YES;
				GCC_WARN_ABOUT_RETURN_TYPE = YES_ERROR;
				GCC_WARN_UNDECLARED_SELECTOR = YES;
				GCC_WARN_UNINITIALIZED_AUTOS = YES_AGGRESSIVE;
				GCC_WARN_UNUSED_FUNCTION = YES;
				GCC_WARN_UNUSED_VARIABLE = YES;
				IPHONEOS_DEPLOYMENT_TARGET = 16.4;
				MTL_ENABLE_DEBUG_INFO = NO;
				MTL_FAST_MATH = YES;
				SDKROOT = iphoneos;
				SWIFT_COMPILATION_MODE = wholemodule;
				SWIFT_OPTIMIZATION_LEVEL = "-O";
				VALIDATE_PRODUCT = YES;
			};
			name = Release;
		};
		0B97BB0B2B72C449002ABE27 /* Debug */ = {
			isa = XCBuildConfiguration;
			buildSettings = {
				ASSETCATALOG_COMPILER_APPICON_NAME = AppIcon;
				ASSETCATALOG_COMPILER_GLOBAL_ACCENT_COLOR_NAME = AccentColor;
				CODE_SIGN_STYLE = Automatic;
				CURRENT_PROJECT_VERSION = 1;
				DEVELOPMENT_TEAM = SL3P34N8QF;
				GENERATE_INFOPLIST_FILE = YES;
				INFOPLIST_FILE = Playground/Info.plist;
				INFOPLIST_KEY_NSLocationAlwaysAndWhenInUseUsageDescription = "We use location to trak your Routes";
				INFOPLIST_KEY_NSLocationAlwaysUsageDescription = "We use location to trak your Routes";
				INFOPLIST_KEY_NSLocationWhenInUseUsageDescription = "We use location to trak your Routes";
				INFOPLIST_KEY_UIApplicationSupportsIndirectInputEvents = YES;
				INFOPLIST_KEY_UILaunchStoryboardName = LaunchScreen;
				INFOPLIST_KEY_UIMainStoryboardFile = Main;
				INFOPLIST_KEY_UISupportedInterfaceOrientations_iPad = "UIInterfaceOrientationPortrait UIInterfaceOrientationPortraitUpsideDown UIInterfaceOrientationLandscapeLeft UIInterfaceOrientationLandscapeRight";
				INFOPLIST_KEY_UISupportedInterfaceOrientations_iPhone = "UIInterfaceOrientationPortrait UIInterfaceOrientationLandscapeLeft UIInterfaceOrientationLandscapeRight";
				LD_RUNPATH_SEARCH_PATHS = (
					"$(inherited)",
					"@executable_path/Frameworks",
				);
				MARKETING_VERSION = 1.0;
				PRODUCT_BUNDLE_IDENTIFIER = "Me.Playground-Runs";
				PRODUCT_NAME = "$(TARGET_NAME)";
				SWIFT_EMIT_LOC_STRINGS = YES;
				SWIFT_VERSION = 5.0;
				TARGETED_DEVICE_FAMILY = "1,2";
			};
			name = Debug;
		};
		0B97BB0C2B72C449002ABE27 /* Release */ = {
			isa = XCBuildConfiguration;
			buildSettings = {
				ASSETCATALOG_COMPILER_APPICON_NAME = AppIcon;
				ASSETCATALOG_COMPILER_GLOBAL_ACCENT_COLOR_NAME = AccentColor;
				CODE_SIGN_STYLE = Automatic;
				CURRENT_PROJECT_VERSION = 1;
				DEVELOPMENT_TEAM = SL3P34N8QF;
				GENERATE_INFOPLIST_FILE = YES;
				INFOPLIST_FILE = Playground/Info.plist;
				INFOPLIST_KEY_NSLocationAlwaysAndWhenInUseUsageDescription = "We use location to trak your Routes";
				INFOPLIST_KEY_NSLocationAlwaysUsageDescription = "We use location to trak your Routes";
				INFOPLIST_KEY_NSLocationWhenInUseUsageDescription = "We use location to trak your Routes";
				INFOPLIST_KEY_UIApplicationSupportsIndirectInputEvents = YES;
				INFOPLIST_KEY_UILaunchStoryboardName = LaunchScreen;
				INFOPLIST_KEY_UIMainStoryboardFile = Main;
				INFOPLIST_KEY_UISupportedInterfaceOrientations_iPad = "UIInterfaceOrientationPortrait UIInterfaceOrientationPortraitUpsideDown UIInterfaceOrientationLandscapeLeft UIInterfaceOrientationLandscapeRight";
				INFOPLIST_KEY_UISupportedInterfaceOrientations_iPhone = "UIInterfaceOrientationPortrait UIInterfaceOrientationLandscapeLeft UIInterfaceOrientationLandscapeRight";
				LD_RUNPATH_SEARCH_PATHS = (
					"$(inherited)",
					"@executable_path/Frameworks",
				);
				MARKETING_VERSION = 1.0;
				PRODUCT_BUNDLE_IDENTIFIER = "Me.Playground-Runs";
				PRODUCT_NAME = "$(TARGET_NAME)";
				SWIFT_EMIT_LOC_STRINGS = YES;
				SWIFT_VERSION = 5.0;
				TARGETED_DEVICE_FAMILY = "1,2";
			};
			name = Release;
		};
		0B97BB0E2B72C449002ABE27 /* Debug */ = {
			isa = XCBuildConfiguration;
			buildSettings = {
				ALWAYS_EMBED_SWIFT_STANDARD_LIBRARIES = YES;
				BUNDLE_LOADER = "$(TEST_HOST)";
				CODE_SIGN_STYLE = Automatic;
				CURRENT_PROJECT_VERSION = 1;
				GENERATE_INFOPLIST_FILE = YES;
				IPHONEOS_DEPLOYMENT_TARGET = 16.4;
				MARKETING_VERSION = 1.0;
				PRODUCT_BUNDLE_IDENTIFIER = Me.PlaygroundTests;
				PRODUCT_NAME = "$(TARGET_NAME)";
				SWIFT_EMIT_LOC_STRINGS = NO;
				SWIFT_VERSION = 5.0;
				TARGETED_DEVICE_FAMILY = "1,2";
				TEST_HOST = "$(BUILT_PRODUCTS_DIR)/Playground.app/$(BUNDLE_EXECUTABLE_FOLDER_PATH)/Playground";
			};
			name = Debug;
		};
		0B97BB0F2B72C449002ABE27 /* Release */ = {
			isa = XCBuildConfiguration;
			buildSettings = {
				ALWAYS_EMBED_SWIFT_STANDARD_LIBRARIES = YES;
				BUNDLE_LOADER = "$(TEST_HOST)";
				CODE_SIGN_STYLE = Automatic;
				CURRENT_PROJECT_VERSION = 1;
				GENERATE_INFOPLIST_FILE = YES;
				IPHONEOS_DEPLOYMENT_TARGET = 16.4;
				MARKETING_VERSION = 1.0;
				PRODUCT_BUNDLE_IDENTIFIER = Me.PlaygroundTests;
				PRODUCT_NAME = "$(TARGET_NAME)";
				SWIFT_EMIT_LOC_STRINGS = NO;
				SWIFT_VERSION = 5.0;
				TARGETED_DEVICE_FAMILY = "1,2";
				TEST_HOST = "$(BUILT_PRODUCTS_DIR)/Playground.app/$(BUNDLE_EXECUTABLE_FOLDER_PATH)/Playground";
			};
			name = Release;
		};
		0B97BB112B72C449002ABE27 /* Debug */ = {
			isa = XCBuildConfiguration;
			buildSettings = {
				ALWAYS_EMBED_SWIFT_STANDARD_LIBRARIES = YES;
				CODE_SIGN_STYLE = Automatic;
				CURRENT_PROJECT_VERSION = 1;
				GENERATE_INFOPLIST_FILE = YES;
				MARKETING_VERSION = 1.0;
				PRODUCT_BUNDLE_IDENTIFIER = Me.PlaygroundUITests;
				PRODUCT_NAME = "$(TARGET_NAME)";
				SWIFT_EMIT_LOC_STRINGS = NO;
				SWIFT_VERSION = 5.0;
				TARGETED_DEVICE_FAMILY = "1,2";
				TEST_TARGET_NAME = Playground;
			};
			name = Debug;
		};
		0B97BB122B72C449002ABE27 /* Release */ = {
			isa = XCBuildConfiguration;
			buildSettings = {
				ALWAYS_EMBED_SWIFT_STANDARD_LIBRARIES = YES;
				CODE_SIGN_STYLE = Automatic;
				CURRENT_PROJECT_VERSION = 1;
				GENERATE_INFOPLIST_FILE = YES;
				MARKETING_VERSION = 1.0;
				PRODUCT_BUNDLE_IDENTIFIER = Me.PlaygroundUITests;
				PRODUCT_NAME = "$(TARGET_NAME)";
				SWIFT_EMIT_LOC_STRINGS = NO;
				SWIFT_VERSION = 5.0;
				TARGETED_DEVICE_FAMILY = "1,2";
				TEST_TARGET_NAME = Playground;
			};
			name = Release;
		};
/* End XCBuildConfiguration section */

/* Begin XCConfigurationList section */
		0B97BADB2B72C447002ABE27 /* Build configuration list for PBXProject "Playground" */ = {
			isa = XCConfigurationList;
			buildConfigurations = (
				0B97BB082B72C449002ABE27 /* Debug */,
				0B97BB092B72C449002ABE27 /* Release */,
			);
			defaultConfigurationIsVisible = 0;
			defaultConfigurationName = Release;
		};
		0B97BB0A2B72C449002ABE27 /* Build configuration list for PBXNativeTarget "Playground" */ = {
			isa = XCConfigurationList;
			buildConfigurations = (
				0B97BB0B2B72C449002ABE27 /* Debug */,
				0B97BB0C2B72C449002ABE27 /* Release */,
			);
			defaultConfigurationIsVisible = 0;
			defaultConfigurationName = Release;
		};
		0B97BB0D2B72C449002ABE27 /* Build configuration list for PBXNativeTarget "PlaygroundTests" */ = {
			isa = XCConfigurationList;
			buildConfigurations = (
				0B97BB0E2B72C449002ABE27 /* Debug */,
				0B97BB0F2B72C449002ABE27 /* Release */,
			);
			defaultConfigurationIsVisible = 0;
			defaultConfigurationName = Release;
		};
		0B97BB102B72C449002ABE27 /* Build configuration list for PBXNativeTarget "PlaygroundUITests" */ = {
			isa = XCConfigurationList;
			buildConfigurations = (
				0B97BB112B72C449002ABE27 /* Debug */,
				0B97BB122B72C449002ABE27 /* Release */,
			);
			defaultConfigurationIsVisible = 0;
			defaultConfigurationName = Release;
		};
/* End XCConfigurationList section */

/* Begin XCRemoteSwiftPackageReference section */
		0B97BB3C2B7312AF002ABE27 /* XCRemoteSwiftPackageReference "firebase-ios-sdk" */ = {
			isa = XCRemoteSwiftPackageReference;
			repositoryURL = "https://github.com/firebase/firebase-ios-sdk";
			requirement = {
				kind = upToNextMajorVersion;
				minimumVersion = 10.0.0;
			};
		};
/* End XCRemoteSwiftPackageReference section */

/* Begin XCSwiftPackageProductDependency section */
		0B97BB3D2B7312AF002ABE27 /* FirebaseAnalytics */ = {
			isa = XCSwiftPackageProductDependency;
			package = 0B97BB3C2B7312AF002ABE27 /* XCRemoteSwiftPackageReference "firebase-ios-sdk" */;
			productName = FirebaseAnalytics;
		};
		0B97BB3F2B7312AF002ABE27 /* FirebaseAuth */ = {
			isa = XCSwiftPackageProductDependency;
			package = 0B97BB3C2B7312AF002ABE27 /* XCRemoteSwiftPackageReference "firebase-ios-sdk" */;
			productName = FirebaseAuth;
		};
		0B97BB412B7312AF002ABE27 /* FirebaseFirestore */ = {
			isa = XCSwiftPackageProductDependency;
			package = 0B97BB3C2B7312AF002ABE27 /* XCRemoteSwiftPackageReference "firebase-ios-sdk" */;
			productName = FirebaseFirestore;
		};
		0B97BB432B7312B0002ABE27 /* FirebaseFirestoreSwift */ = {
			isa = XCSwiftPackageProductDependency;
			package = 0B97BB3C2B7312AF002ABE27 /* XCRemoteSwiftPackageReference "firebase-ios-sdk" */;
			productName = FirebaseFirestoreSwift;
		};
		0B97BB452B7312B0002ABE27 /* FirebaseStorage */ = {
			isa = XCSwiftPackageProductDependency;
			package = 0B97BB3C2B7312AF002ABE27 /* XCRemoteSwiftPackageReference "firebase-ios-sdk" */;
			productName = FirebaseStorage;
		};
/* End XCSwiftPackageProductDependency section */
	};
	rootObject = 0B97BAD82B72C447002ABE27 /* Project object */;
}
